github.com/bobg/go-generics/v3 v3.7.0 h1:4SJHDWqONTRcA8al6491VW/ys6061bPCcTcI7YnIHPc=
github.com/bobg/go-generics/v3 v3.7.0/go.mod h1:wGlMLQER92clsh3cJoQjbUtUEJ03FoxnGhZjaWhf4fM=
github.com/bobg/seqs v1.2.0 h1:y9SS1zisfkNQepd+xia/3ELDYR4T4vuLTyCA4UVOiKA=
github.com/bobg/seqs v1.2.0/go.mod h1:icgB+vXIoU6s675tLYVAgcUYry1PkYwgEKvzOuFemOk=
github.com/chmduquesne/rollinghash v4.0.0+incompatible h1:hnREQO+DXjqIw3rUTzWN7/+Dpw+N5Um8zpKV0JOEgbo=
github.com/chmduquesne/rollinghash v4.0.0+incompatible/go.mod h1:Uc2I36RRfTAf7Dge82bi3RU0OQUmXT9iweIcPqvr8A0=
